
Microsoft Visual Studio Solution File, Format Version 12.00
# Visual Studio Version 17
VisualStudioVersion = 17.8.34525.116
MinimumVisualStudioVersion = 10.0.40219.1
Project("{FAE04EC0-301F-11D3-BF4B-00C04F79EFBC}") = "Hashing", "Hashing\Hashing.csproj", "{F42734BD-8909-4833-9EDA-007CBE550516}"
EndProject
Global
	GlobalSection(SolutionConfigurationPlatforms) = preSolution
		Debug|Any CPU = Debug|Any CPU
		Release|Any CPU = Release|Any CPU
	EndGlobalSection
	GlobalSection(ProjectConfigurationPlatforms) = postSolution
		{F42734BD-8909-4833-9EDA-007CBE550516}.Debug|Any CPU.ActiveCfg = Debug|Any CPU
		{F42734BD-8909-4833-9EDA-007CBE550516}.Debug|Any CPU.Build.0 = Debug|Any CPU
		{F42734BD-8909-4833-9EDA-007CBE550516}.Release|Any CPU.ActiveCfg = Release|Any CPU
		{F42734BD-8909-4833-9EDA-007CBE550516}.Release|Any CPU.Build.0 = Release|Any CPU
	EndGlobalSection
	GlobalSection(SolutionProperties) = preSolution
		HideSolutionNode = FALSE
	EndGlobalSection
	GlobalSection(ExtensibilityGlobals) = postSolution
		SolutionGuid = {E90E9CF3-C5F1-4260-9F71-D59B0C33B8E4}
	EndGlobalSection
EndGlobal
